
Microsoft Visual Studio Solution File, Format Version 12.00
# Visual Studio Version 16
VisualStudioVersion = 16.0.32413.511
MinimumVisualStudioVersion = 10.0.40219.1
Project("{FAE04EC0-301F-11D3-BF4B-00C04F79EFBC}") = "Contact Tracing App", "Contact Tracing App\Contact Tracing App.csproj", "{356159D1-2F8F-489D-9BC5-4B8D57AA5A14}"
EndProject
Global
	GlobalSection(SolutionConfigurationPlatforms) = preSolution
		Debug|Any CPU = Debug|Any CPU
		Release|Any CPU = Release|Any CPU
	EndGlobalSection
	GlobalSection(ProjectConfigurationPlatforms) = postSolution
		{356159D1-2F8F-489D-9BC5-4B8D57AA5A14}.Debug|Any CPU.ActiveCfg = Debug|Any CPU
		{356159D1-2F8F-489D-9BC5-4B8D57AA5A14}.Debug|Any CPU.Build.0 = Debug|Any CPU
		{356159D1-2F8F-489D-9BC5-4B8D57AA5A14}.Release|Any CPU.ActiveCfg = Release|Any CPU
		{356159D1-2F8F-489D-9BC5-4B8D57AA5A14}.Release|Any CPU.Build.0 = Release|Any CPU
	EndGlobalSection
	GlobalSection(SolutionProperties) = preSolution
		HideSolutionNode = FALSE
	EndGlobalSection
	GlobalSection(ExtensibilityGlobals) = postSolution
		SolutionGuid = {020762B3-288D-4A2B-B270-DE34F7048C15}
	EndGlobalSection
EndGlobal
